
Microsoft Visual Studio Solution File, Format Version 12.00
# Visual Studio Version 17
VisualStudioVersion = 17.3.32901.215
MinimumVisualStudioVersion = 10.0.40219.1
Project("{FAE04EC0-301F-11D3-BF4B-00C04F79EFBC}") = "Base", "Base\Base.csproj", "{119BA5B0-7708-4F3F-84C3-616EA98E5B02}"
EndProject
Global
	GlobalSection(SolutionConfigurationPlatforms) = preSolution
		Debug|Any CPU = Debug|Any CPU
		Release|Any CPU = Release|Any CPU
	EndGlobalSection
	GlobalSection(ProjectConfigurationPlatforms) = postSolution
		{119BA5B0-7708-4F3F-84C3-616EA98E5B02}.Debug|Any CPU.ActiveCfg = Debug|Any CPU
		{119BA5B0-7708-4F3F-84C3-616EA98E5B02}.Debug|Any CPU.Build.0 = Debug|Any CPU
		{119BA5B0-7708-4F3F-84C3-616EA98E5B02}.Release|Any CPU.ActiveCfg = Release|Any CPU
		{119BA5B0-7708-4F3F-84C3-616EA98E5B02}.Release|Any CPU.Build.0 = Release|Any CPU
	EndGlobalSection
	GlobalSection(SolutionProperties) = preSolution
		HideSolutionNode = FALSE
	EndGlobalSection
	GlobalSection(ExtensibilityGlobals) = postSolution
		SolutionGuid = {DDDF8F3C-256A-4EDB-ACB3-17DD75364BB5}
	EndGlobalSection
EndGlobal
